
Microsoft Visual Studio Solution File, Format Version 12.00
# Visual Studio 14
VisualStudioVersion = 14.0.25420.1
MinimumVisualStudioVersion = 10.0.40219.1
Project("{8BC9CEB8-8B4A-11D0-8D11-00A0C91BC942}") = "Q01_AssignmentOperator", "Q01_AssignmentOperator\Q01_AssignmentOperator.vcxproj", "{1173E912-7282-4CE9-9E78-4719456D0403}"
EndProject
Project("{8BC9CEB8-8B4A-11D0-8D11-00A0C91BC942}") = "Q03_01_DuplicationInArray", "Q03_01_DuplicationInArray\Q03_01_DuplicationInArray.vcxproj", "{EA04B4BA-914A-4A9B-A3F6-F62EA189A353}"
EndProject
Project("{8BC9CEB8-8B4A-11D0-8D11-00A0C91BC942}") = "Q03_02_DuplicatoinInArrayNoEdit", "Q03_02_DuplicatoinInArrayNoEdit\Q03_02_DuplicatoinInArrayNoEdit.vcxproj", "{FA05A1F0-E10F-4604-920A-E291EE2802BD}"
EndProject
Project("{8BC9CEB8-8B4A-11D0-8D11-00A0C91BC942}") = "Q04_FindInPartiallySortedMatrix", "Q04_FindInPartiallySortedMatrix\Q04_FindInPartiallySortedMatrix.vcxproj", "{59A9BEA4-8C24-4E8E-9B22-D65B413DE667}"
EndProject
Project("{8BC9CEB8-8B4A-11D0-8D11-00A0C91BC942}") = "Q05_ReplaceSpaces", "Q05_ReplaceSpaces\Q05_ReplaceSpaces.vcxproj", "{492ECA44-E7C5-4E90-A7A3-BBC52754EECE}"
EndProject
Project("{8BC9CEB8-8B4A-11D0-8D11-00A0C91BC942}") = "Q06_PrintListInReverseOrder", "Q06_PrintListInReverseOrder\Q06_PrintListInReverseOrder.vcxproj", "{5E8DD7B8-59C7-476E-A0EB-86FD5B74EA76}"
EndProject
Project("{8BC9CEB8-8B4A-11D0-8D11-00A0C91BC942}") = "Q09_01_QueueWithTwoStacks", "Q09_01_QueueWithTwoStacks\Q09_01_QueueWithTwoStacks.vcxproj", "{4B6848CF-FDB4-4811-BB5B-D9287C3D6884}"
EndProject
Project("{8BC9CEB8-8B4A-11D0-8D11-00A0C91BC942}") = "Q09_02_StackWithTwoQueues", "Q09_02_StackWithTwoQueues\Q09_02_StackWithTwoQueues.vcxproj", "{6A500E40-7B4C-4C35-84EB-904EC2688A0B}"
EndProject
Project("{8BC9CEB8-8B4A-11D0-8D11-00A0C91BC942}") = "Q10_FibonacciProblems", "Q10_FibonacciProblems\Q10_FibonacciProblems.vcxproj", "{93469315-AAFA-4CBD-9E50-6C611E6A120B}"
EndProject
Project("{8BC9CEB8-8B4A-11D0-8D11-00A0C91BC942}") = "Q11_MinNumberInRotatedArray", "Q11_MinNumberInRotatedArray\Q11_MinNumberInRotatedArray.vcxproj", "{0CDF2465-0F54-418C-9B4C-81AF473A0B7E}"
EndProject
Project("{8BC9CEB8-8B4A-11D0-8D11-00A0C91BC942}") = "Q12_StringPathInMatrix", "Q12_StringPathInMatrix\Q12_StringPathInMatrix.vcxproj", "{C1B73564-3A57-4CF9-B576-9518E440A018}"
EndProject
Project("{8BC9CEB8-8B4A-11D0-8D11-00A0C91BC942}") = "Q29_SpiralMatrix", "Q29_SpiralMatrix\Q29_SpiralMatrix.vcxproj", "{2FF00E0E-F193-41D2-B958-1DC66BF4E7B3}"
EndProject
Project("{8BC9CEB8-8B4A-11D0-8D11-00A0C91BC942}") = "Q13_RobotMove", "Q13_RobotMove\Q13_RobotMove.vcxproj", "{A43C25C8-2A40-462D-B32C-F8B185429352}"
EndProject
Project("{8BC9CEB8-8B4A-11D0-8D11-00A0C91BC942}") = "Q14_CuttingRope", "Q14_CuttingRope\Q14_CuttingRope.vcxproj", "{17E481F1-5E6D-4025-BFE9-877535B26BD9}"
EndProject
Project("{8BC9CEB8-8B4A-11D0-8D11-00A0C91BC942}") = "Q15_NumberOfOneInBinary", "Q15_NumberOfOneInBinary\Q15_NumberOfOneInBinary.vcxproj", "{DC7542B2-3E6C-443A-B10A-EE2CE95B8480}"
EndProject
Project("{8BC9CEB8-8B4A-11D0-8D11-00A0C91BC942}") = "Q16_Power", "Q16_Power\Q16_Power.vcxproj", "{4FE26523-D81F-49A0-9271-77D1718FCF3D}"
EndProject
Project("{8BC9CEB8-8B4A-11D0-8D11-00A0C91BC942}") = "Q17_PrintOneToMaxNDigits", "Q17_PrintOneToMaxNDigits\Q17_PrintOneToMaxNDigits.vcxproj", "{2ABDFAAA-A7AA-4ABA-942F-27A97D6FF29C}"
EndProject
Project("{8BC9CEB8-8B4A-11D0-8D11-00A0C91BC942}") = "Q20_NummericString", "Q20_NummericString\Q20_NummericString.vcxproj", "{3C6B5BD3-135D-423C-8ED2-BB6D9225C524}"
EndProject
Project("{8BC9CEB8-8B4A-11D0-8D11-00A0C91BC942}") = "Q18_DeleteNodeInList", "Q18_DeleteNodeInList\Q18_DeleteNodeInList.vcxproj", "{D26CD4B0-5865-44B2-8D98-64CF9741201F}"
EndProject
Project("{8BC9CEB8-8B4A-11D0-8D11-00A0C91BC942}") = "Q18_02_DeleteDuplicatedNodeInList", "Q18_02_DeleteDuplicatedNodeInList\Q18_02_DeleteDuplicatedNodeInList.vcxproj", "{9BF8800A-3623-471E-9FE8-3F80FB305238}"
EndProject
Project("{8BC9CEB8-8B4A-11D0-8D11-00A0C91BC942}") = "Q22_01_KthNodeFromEnd", "Q22_01_KthNodeFromEnd\Q22_01_KthNodeFromEnd.vcxproj", "{6AC18F6C-9D90-47AA-A8E1-529E3C39B362}"
EndProject
Project("{8BC9CEB8-8B4A-11D0-8D11-00A0C91BC942}") = "Q23_EntryNodeInListLoop", "Q23_EntryNodeInListLoop\Q23_EntryNodeInListLoop.vcxproj", "{636E8ACE-BB04-47C6-B28F-6A5B4F4FFB89}"
EndProject
Project("{8BC9CEB8-8B4A-11D0-8D11-00A0C91BC942}") = "Q24_ReverseList", "Q24_ReverseList\Q24_ReverseList.vcxproj", "{C3272E56-5EB0-483F-8E00-AA210F7AAE56}"
EndProject
Project("{8BC9CEB8-8B4A-11D0-8D11-00A0C91BC942}") = "Q25_MergeSortedLists", "Q25_MergeSortedLists\Q25_MergeSortedLists.vcxproj", "{FA06A3ED-162B-46DB-8BAF-0664FFB6E665}"
EndProject
Project("{8BC9CEB8-8B4A-11D0-8D11-00A0C91BC942}") = "Q26_SubstructureInTree", "Q26_SubstructureInTree\Q26_SubstructureInTree.vcxproj", "{6D2B572A-DDDD-49C1-9DEE-1318F220055F}"
EndProject
Project("{8BC9CEB8-8B4A-11D0-8D11-00A0C91BC942}") = "Q27_MirroOfBinaryTree", "Q27_MirroOfBinaryTree\Q27_MirroOfBinaryTree.vcxproj", "{FA7FB3F2-E2AC-4A13-9D07-7FEB4316D83E}"
EndProject
Project("{8BC9CEB8-8B4A-11D0-8D11-00A0C91BC942}") = "Q28_SymmetricalBinaryTree", "Q28_SymmetricalBinaryTree\Q28_SymmetricalBinaryTree.vcxproj", "{961530C5-6C35-4BE0-9DAA-C5CE3036A90F}"
EndProject
Project("{8BC9CEB8-8B4A-11D0-8D11-00A0C91BC942}") = "Q32_01_PrintBinaryTreeFromUpToDown", "Q32_01_PrintBinaryTreeFromUpToDown\Q32_01_PrintBinaryTreeFromUpToDown.vcxproj", "{06F1E6D2-7FB3-444D-B81A-E9FCDFDEE00F}"
EndProject
Project("{8BC9CEB8-8B4A-11D0-8D11-00A0C91BC942}") = "Q07_ConstructBinaryTree", "Q07_ConstructBinaryTree\Q07_ConstructBinaryTree.vcxproj", "{132CE6EB-D2B1-4E2E-BB40-BDB1D83362E2}"
EndProject
Project("{8BC9CEB8-8B4A-11D0-8D11-00A0C91BC942}") = "Q08_NextNodeInBinaryTree", "Q08_NextNodeInBinaryTree\Q08_NextNodeInBinaryTree.vcxproj", "{F499CE41-70F9-4AA4-8D1E-BDB3B729D7FC}"
EndProject
Project("{8BC9CEB8-8B4A-11D0-8D11-00A0C91BC942}") = "Q32_02_PrintBinaryTreeInLine", "Q32_02_PrintBinaryTreeInLine\Q32_02_PrintBinaryTreeInLine.vcxproj", "{E24C6342-9D44-4879-9C77-150108BA34E2}"
EndProject
Project("{8BC9CEB8-8B4A-11D0-8D11-00A0C91BC942}") = "Q32_03_PrintBinaryTreeInZigzag", "Q32_03_PrintBinaryTreeInZigzag\Q32_03_PrintBinaryTreeInZigzag.vcxproj", "{20682F0F-07F2-4D0C-BD4E-1463A7C116FC}"
EndProject
Project("{8BC9CEB8-8B4A-11D0-8D11-00A0C91BC942}") = "Q33_PostOrderOfBST", "Q33_PostOrderOfBST\Q33_PostOrderOfBST.vcxproj", "{805EC7B2-64F3-41AB-AD33-F4A6947D8075}"
EndProject
Project("{8BC9CEB8-8B4A-11D0-8D11-00A0C91BC942}") = "Q34_PathInTree", "Q34_PathInTree\Q34_PathInTree.vcxproj", "{271BE258-133F-42AA-92C7-09026501B8D0}"
EndProject
Project("{8BC9CEB8-8B4A-11D0-8D11-00A0C91BC942}") = "Q37_SerializeBinaryTree", "Q37_SerializeBinaryTree\Q37_SerializeBinaryTree.vcxproj", "{648FE9FF-FBF1-432F-9CC8-6A1FDBC04103}"
EndProject
Project("{8BC9CEB8-8B4A-11D0-8D11-00A0C91BC942}") = "Q54_KthNodeInBST", "Q54_KthNodeInBST\Q54_KthNodeInBST.vcxproj", "{0CC3636B-8A91-4ED5-9380-DBB552988213}"
EndProject
Project("{8BC9CEB8-8B4A-11D0-8D11-00A0C91BC942}") = "Q55_01_DepthOfBinaryTree", "Q55_01_DepthOfBinaryTree\Q55_01_DepthOfBinaryTree.vcxproj", "{45578F76-6EC0-4A72-A6D7-B11FDEE332B4}"
EndProject
Project("{8BC9CEB8-8B4A-11D0-8D11-00A0C91BC942}") = "Q52_FirstCommonNodeInLists", "Q52_FirstCommonNodeInLists\Q52_FirstCommonNodeInLists.vcxproj", "{4F2F6753-8CC5-4BEE-86C4-E682B561B89F}"
EndProject
Global
	GlobalSection(SolutionConfigurationPlatforms) = preSolution
		Debug|x64 = Debug|x64
		Debug|x86 = Debug|x86
		Release|x64 = Release|x64
		Release|x86 = Release|x86
	EndGlobalSection
	GlobalSection(ProjectConfigurationPlatforms) = postSolution
		{1173E912-7282-4CE9-9E78-4719456D0403}.Debug|x64.ActiveCfg = Debug|x64
		{1173E912-7282-4CE9-9E78-4719456D0403}.Debug|x64.Build.0 = Debug|x64
		{1173E912-7282-4CE9-9E78-4719456D0403}.Debug|x86.ActiveCfg = Debug|Win32
		{1173E912-7282-4CE9-9E78-4719456D0403}.Debug|x86.Build.0 = Debug|Win32
		{1173E912-7282-4CE9-9E78-4719456D0403}.Release|x64.ActiveCfg = Release|x64
		{1173E912-7282-4CE9-9E78-4719456D0403}.Release|x64.Build.0 = Release|x64
		{1173E912-7282-4CE9-9E78-4719456D0403}.Release|x86.ActiveCfg = Release|Win32
		{1173E912-7282-4CE9-9E78-4719456D0403}.Release|x86.Build.0 = Release|Win32
		{EA04B4BA-914A-4A9B-A3F6-F62EA189A353}.Debug|x64.ActiveCfg = Debug|x64
		{EA04B4BA-914A-4A9B-A3F6-F62EA189A353}.Debug|x64.Build.0 = Debug|x64
		{EA04B4BA-914A-4A9B-A3F6-F62EA189A353}.Debug|x86.ActiveCfg = Debug|Win32
		{EA04B4BA-914A-4A9B-A3F6-F62EA189A353}.Debug|x86.Build.0 = Debug|Win32
		{EA04B4BA-914A-4A9B-A3F6-F62EA189A353}.Release|x64.ActiveCfg = Release|x64
		{EA04B4BA-914A-4A9B-A3F6-F62EA189A353}.Release|x64.Build.0 = Release|x64
		{EA04B4BA-914A-4A9B-A3F6-F62EA189A353}.Release|x86.ActiveCfg = Release|Win32
		{EA04B4BA-914A-4A9B-A3F6-F62EA189A353}.Release|x86.Build.0 = Release|Win32
		{FA05A1F0-E10F-4604-920A-E291EE2802BD}.Debug|x64.ActiveCfg = Debug|x64
		{FA05A1F0-E10F-4604-920A-E291EE2802BD}.Debug|x64.Build.0 = Debug|x64
		{FA05A1F0-E10F-4604-920A-E291EE2802BD}.Debug|x86.ActiveCfg = Debug|Win32
		{FA05A1F0-E10F-4604-920A-E291EE2802BD}.Debug|x86.Build.0 = Debug|Win32
		{FA05A1F0-E10F-4604-920A-E291EE2802BD}.Release|x64.ActiveCfg = Release|x64
		{FA05A1F0-E10F-4604-920A-E291EE2802BD}.Release|x64.Build.0 = Release|x64
		{FA05A1F0-E10F-4604-920A-E291EE2802BD}.Release|x86.ActiveCfg = Release|Win32
		{FA05A1F0-E10F-4604-920A-E291EE2802BD}.Release|x86.Build.0 = Release|Win32
		{59A9BEA4-8C24-4E8E-9B22-D65B413DE667}.Debug|x64.ActiveCfg = Debug|x64
		{59A9BEA4-8C24-4E8E-9B22-D65B413DE667}.Debug|x64.Build.0 = Debug|x64
		{59A9BEA4-8C24-4E8E-9B22-D65B413DE667}.Debug|x86.ActiveCfg = Debug|Win32
		{59A9BEA4-8C24-4E8E-9B22-D65B413DE667}.Debug|x86.Build.0 = Debug|Win32
		{59A9BEA4-8C24-4E8E-9B22-D65B413DE667}.Release|x64.ActiveCfg = Release|x64
		{59A9BEA4-8C24-4E8E-9B22-D65B413DE667}.Release|x64.Build.0 = Release|x64
		{59A9BEA4-8C24-4E8E-9B22-D65B413DE667}.Release|x86.ActiveCfg = Release|Win32
		{59A9BEA4-8C24-4E8E-9B22-D65B413DE667}.Release|x86.Build.0 = Release|Win32
		{492ECA44-E7C5-4E90-A7A3-BBC52754EECE}.Debug|x64.ActiveCfg = Debug|x64
		{492ECA44-E7C5-4E90-A7A3-BBC52754EECE}.Debug|x64.Build.0 = Debug|x64
		{492ECA44-E7C5-4E90-A7A3-BBC52754EECE}.Debug|x86.ActiveCfg = Debug|Win32
		{492ECA44-E7C5-4E90-A7A3-BBC52754EECE}.Debug|x86.Build.0 = Debug|Win32
		{492ECA44-E7C5-4E90-A7A3-BBC52754EECE}.Release|x64.ActiveCfg = Release|x64
		{492ECA44-E7C5-4E90-A7A3-BBC52754EECE}.Release|x64.Build.0 = Release|x64
		{492ECA44-E7C5-4E90-A7A3-BBC52754EECE}.Release|x86.ActiveCfg = Release|Win32
		{492ECA44-E7C5-4E90-A7A3-BBC52754EECE}.Release|x86.Build.0 = Release|Win32
		{5E8DD7B8-59C7-476E-A0EB-86FD5B74EA76}.Debug|x64.ActiveCfg = Debug|x64
		{5E8DD7B8-59C7-476E-A0EB-86FD5B74EA76}.Debug|x64.Build.0 = Debug|x64
		{5E8DD7B8-59C7-476E-A0EB-86FD5B74EA76}.Debug|x86.ActiveCfg = Debug|Win32
		{5E8DD7B8-59C7-476E-A0EB-86FD5B74EA76}.Debug|x86.Build.0 = Debug|Win32
		{5E8DD7B8-59C7-476E-A0EB-86FD5B74EA76}.Release|x64.ActiveCfg = Release|x64
		{5E8DD7B8-59C7-476E-A0EB-86FD5B74EA76}.Release|x64.Build.0 = Release|x64
		{5E8DD7B8-59C7-476E-A0EB-86FD5B74EA76}.Release|x86.ActiveCfg = Release|Win32
		{5E8DD7B8-59C7-476E-A0EB-86FD5B74EA76}.Release|x86.Build.0 = Release|Win32
		{4B6848CF-FDB4-4811-BB5B-D9287C3D6884}.Debug|x64.ActiveCfg = Debug|x64
		{4B6848CF-FDB4-4811-BB5B-D9287C3D6884}.Debug|x64.Build.0 = Debug|x64
		{4B6848CF-FDB4-4811-BB5B-D9287C3D6884}.Debug|x86.ActiveCfg = Debug|Win32
		{4B6848CF-FDB4-4811-BB5B-D9287C3D6884}.Debug|x86.Build.0 = Debug|Win32
		{4B6848CF-FDB4-4811-BB5B-D9287C3D6884}.Release|x64.ActiveCfg = Release|x64
		{4B6848CF-FDB4-4811-BB5B-D9287C3D6884}.Release|x64.Build.0 = Release|x64
		{4B6848CF-FDB4-4811-BB5B-D9287C3D6884}.Release|x86.ActiveCfg = Release|Win32
		{4B6848CF-FDB4-4811-BB5B-D9287C3D6884}.Release|x86.Build.0 = Release|Win32
		{6A500E40-7B4C-4C35-84EB-904EC2688A0B}.Debug|x64.ActiveCfg = Debug|x64
		{6A500E40-7B4C-4C35-84EB-904EC2688A0B}.Debug|x64.Build.0 = Debug|x64
		{6A500E40-7B4C-4C35-84EB-904EC2688A0B}.Debug|x86.ActiveCfg = Debug|Win32
		{6A500E40-7B4C-4C35-84EB-904EC2688A0B}.Debug|x86.Build.0 = Debug|Win32
		{6A500E40-7B4C-4C35-84EB-904EC2688A0B}.Release|x64.ActiveCfg = Release|x64
		{6A500E40-7B4C-4C35-84EB-904EC2688A0B}.Release|x64.Build.0 = Release|x64
		{6A500E40-7B4C-4C35-84EB-904EC2688A0B}.Release|x86.ActiveCfg = Release|Win32
		{6A500E40-7B4C-4C35-84EB-904EC2688A0B}.Release|x86.Build.0 = Release|Win32
		{93469315-AAFA-4CBD-9E50-6C611E6A120B}.Debug|x64.ActiveCfg = Debug|x64
		{93469315-AAFA-4CBD-9E50-6C611E6A120B}.Debug|x64.Build.0 = Debug|x64
		{93469315-AAFA-4CBD-9E50-6C611E6A120B}.Debug|x86.ActiveCfg = Debug|Win32
		{93469315-AAFA-4CBD-9E50-6C611E6A120B}.Debug|x86.Build.0 = Debug|Win32
		{93469315-AAFA-4CBD-9E50-6C611E6A120B}.Release|x64.ActiveCfg = Release|x64
		{93469315-AAFA-4CBD-9E50-6C611E6A120B}.Release|x64.Build.0 = Release|x64
		{93469315-AAFA-4CBD-9E50-6C611E6A120B}.Release|x86.ActiveCfg = Release|Win32
		{93469315-AAFA-4CBD-9E50-6C611E6A120B}.Release|x86.Build.0 = Release|Win32
		{0CDF2465-0F54-418C-9B4C-81AF473A0B7E}.Debug|x64.ActiveCfg = Debug|x64
		{0CDF2465-0F54-418C-9B4C-81AF473A0B7E}.Debug|x64.Build.0 = Debug|x64
		{0CDF2465-0F54-418C-9B4C-81AF473A0B7E}.Debug|x86.ActiveCfg = Debug|Win32
		{0CDF2465-0F54-418C-9B4C-81AF473A0B7E}.Debug|x86.Build.0 = Debug|Win32
		{0CDF2465-0F54-418C-9B4C-81AF473A0B7E}.Release|x64.ActiveCfg = Release|x64
		{0CDF2465-0F54-418C-9B4C-81AF473A0B7E}.Release|x64.Build.0 = Release|x64
		{0CDF2465-0F54-418C-9B4C-81AF473A0B7E}.Release|x86.ActiveCfg = Release|Win32
		{0CDF2465-0F54-418C-9B4C-81AF473A0B7E}.Release|x86.Build.0 = Release|Win32
		{C1B73564-3A57-4CF9-B576-9518E440A018}.Debug|x64.ActiveCfg = Debug|x64
		{C1B73564-3A57-4CF9-B576-9518E440A018}.Debug|x64.Build.0 = Debug|x64
		{C1B73564-3A57-4CF9-B576-9518E440A018}.Debug|x86.ActiveCfg = Debug|Win32
		{C1B73564-3A57-4CF9-B576-9518E440A018}.Debug|x86.Build.0 = Debug|Win32
		{C1B73564-3A57-4CF9-B576-9518E440A018}.Release|x64.ActiveCfg = Release|x64
		{C1B73564-3A57-4CF9-B576-9518E440A018}.Release|x64.Build.0 = Release|x64
		{C1B73564-3A57-4CF9-B576-9518E440A018}.Release|x86.ActiveCfg = Release|Win32
		{C1B73564-3A57-4CF9-B576-9518E440A018}.Release|x86.Build.0 = Release|Win32
		{2FF00E0E-F193-41D2-B958-1DC66BF4E7B3}.Debug|x64.ActiveCfg = Debug|x64
		{2FF00E0E-F193-41D2-B958-1DC66BF4E7B3}.Debug|x64.Build.0 = Debug|x64
		{2FF00E0E-F193-41D2-B958-1DC66BF4E7B3}.Debug|x86.ActiveCfg = Debug|Win32
		{2FF00E0E-F193-41D2-B958-1DC66BF4E7B3}.Debug|x86.Build.0 = Debug|Win32
		{2FF00E0E-F193-41D2-B958-1DC66BF4E7B3}.Release|x64.ActiveCfg = Release|x64
		{2FF00E0E-F193-41D2-B958-1DC66BF4E7B3}.Release|x64.Build.0 = Release|x64
		{2FF00E0E-F193-41D2-B958-1DC66BF4E7B3}.Release|x86.ActiveCfg = Release|Win32
		{2FF00E0E-F193-41D2-B958-1DC66BF4E7B3}.Release|x86.Build.0 = Release|Win32
		{A43C25C8-2A40-462D-B32C-F8B185429352}.Debug|x64.ActiveCfg = Debug|x64
		{A43C25C8-2A40-462D-B32C-F8B185429352}.Debug|x64.Build.0 = Debug|x64
		{A43C25C8-2A40-462D-B32C-F8B185429352}.Debug|x86.ActiveCfg = Debug|Win32
		{A43C25C8-2A40-462D-B32C-F8B185429352}.Debug|x86.Build.0 = Debug|Win32
		{A43C25C8-2A40-462D-B32C-F8B185429352}.Release|x64.ActiveCfg = Release|x64
		{A43C25C8-2A40-462D-B32C-F8B185429352}.Release|x64.Build.0 = Release|x64
		{A43C25C8-2A40-462D-B32C-F8B185429352}.Release|x86.ActiveCfg = Release|Win32
		{A43C25C8-2A40-462D-B32C-F8B185429352}.Release|x86.Build.0 = Release|Win32
		{17E481F1-5E6D-4025-BFE9-877535B26BD9}.Debug|x64.ActiveCfg = Debug|x64
		{17E481F1-5E6D-4025-BFE9-877535B26BD9}.Debug|x64.Build.0 = Debug|x64
		{17E481F1-5E6D-4025-BFE9-877535B26BD9}.Debug|x86.ActiveCfg = Debug|Win32
		{17E481F1-5E6D-4025-BFE9-877535B26BD9}.Debug|x86.Build.0 = Debug|Win32
		{17E481F1-5E6D-4025-BFE9-877535B26BD9}.Release|x64.ActiveCfg = Release|x64
		{17E481F1-5E6D-4025-BFE9-877535B26BD9}.Release|x64.Build.0 = Release|x64
		{17E481F1-5E6D-4025-BFE9-877535B26BD9}.Release|x86.ActiveCfg = Release|Win32
		{17E481F1-5E6D-4025-BFE9-877535B26BD9}.Release|x86.Build.0 = Release|Win32
		{DC7542B2-3E6C-443A-B10A-EE2CE95B8480}.Debug|x64.ActiveCfg = Debug|x64
		{DC7542B2-3E6C-443A-B10A-EE2CE95B8480}.Debug|x64.Build.0 = Debug|x64
		{DC7542B2-3E6C-443A-B10A-EE2CE95B8480}.Debug|x86.ActiveCfg = Debug|Win32
		{DC7542B2-3E6C-443A-B10A-EE2CE95B8480}.Debug|x86.Build.0 = Debug|Win32
		{DC7542B2-3E6C-443A-B10A-EE2CE95B8480}.Release|x64.ActiveCfg = Release|x64
		{DC7542B2-3E6C-443A-B10A-EE2CE95B8480}.Release|x64.Build.0 = Release|x64
		{DC7542B2-3E6C-443A-B10A-EE2CE95B8480}.Release|x86.ActiveCfg = Release|Win32
		{DC7542B2-3E6C-443A-B10A-EE2CE95B8480}.Release|x86.Build.0 = Release|Win32
		{4FE26523-D81F-49A0-9271-77D1718FCF3D}.Debug|x64.ActiveCfg = Debug|x64
		{4FE26523-D81F-49A0-9271-77D1718FCF3D}.Debug|x64.Build.0 = Debug|x64
		{4FE26523-D81F-49A0-9271-77D1718FCF3D}.Debug|x86.ActiveCfg = Debug|Win32
		{4FE26523-D81F-49A0-9271-77D1718FCF3D}.Debug|x86.Build.0 = Debug|Win32
		{4FE26523-D81F-49A0-9271-77D1718FCF3D}.Release|x64.ActiveCfg = Release|x64
		{4FE26523-D81F-49A0-9271-77D1718FCF3D}.Release|x64.Build.0 = Release|x64
		{4FE26523-D81F-49A0-9271-77D1718FCF3D}.Release|x86.ActiveCfg = Release|Win32
		{4FE26523-D81F-49A0-9271-77D1718FCF3D}.Release|x86.Build.0 = Release|Win32
		{2ABDFAAA-A7AA-4ABA-942F-27A97D6FF29C}.Debug|x64.ActiveCfg = Debug|x64
		{2ABDFAAA-A7AA-4ABA-942F-27A97D6FF29C}.Debug|x64.Build.0 = Debug|x64
		{2ABDFAAA-A7AA-4ABA-942F-27A97D6FF29C}.Debug|x86.ActiveCfg = Debug|Win32
		{2ABDFAAA-A7AA-4ABA-942F-27A97D6FF29C}.Debug|x86.Build.0 = Debug|Win32
		{2ABDFAAA-A7AA-4ABA-942F-27A97D6FF29C}.Release|x64.ActiveCfg = Release|x64
		{2ABDFAAA-A7AA-4ABA-942F-27A97D6FF29C}.Release|x64.Build.0 = Release|x64
		{2ABDFAAA-A7AA-4ABA-942F-27A97D6FF29C}.Release|x86.ActiveCfg = Release|Win32
		{2ABDFAAA-A7AA-4ABA-942F-27A97D6FF29C}.Release|x86.Build.0 = Release|Win32
		{3C6B5BD3-135D-423C-8ED2-BB6D9225C524}.Debug|x64.ActiveCfg = Debug|x64
		{3C6B5BD3-135D-423C-8ED2-BB6D9225C524}.Debug|x64.Build.0 = Debug|x64
		{3C6B5BD3-135D-423C-8ED2-BB6D9225C524}.Debug|x86.ActiveCfg = Debug|Win32
		{3C6B5BD3-135D-423C-8ED2-BB6D9225C524}.Debug|x86.Build.0 = Debug|Win32
		{3C6B5BD3-135D-423C-8ED2-BB6D9225C524}.Release|x64.ActiveCfg = Release|x64
		{3C6B5BD3-135D-423C-8ED2-BB6D9225C524}.Release|x64.Build.0 = Release|x64
		{3C6B5BD3-135D-423C-8ED2-BB6D9225C524}.Release|x86.ActiveCfg = Release|Win32
		{3C6B5BD3-135D-423C-8ED2-BB6D9225C524}.Release|x86.Build.0 = Release|Win32
		{D26CD4B0-5865-44B2-8D98-64CF9741201F}.Debug|x64.ActiveCfg = Debug|x64
		{D26CD4B0-5865-44B2-8D98-64CF9741201F}.Debug|x64.Build.0 = Debug|x64
		{D26CD4B0-5865-44B2-8D98-64CF9741201F}.Debug|x86.ActiveCfg = Debug|Win32
		{D26CD4B0-5865-44B2-8D98-64CF9741201F}.Debug|x86.Build.0 = Debug|Win32
		{D26CD4B0-5865-44B2-8D98-64CF9741201F}.Release|x64.ActiveCfg = Release|x64
		{D26CD4B0-5865-44B2-8D98-64CF9741201F}.Release|x64.Build.0 = Release|x64
		{D26CD4B0-5865-44B2-8D98-64CF9741201F}.Release|x86.ActiveCfg = Release|Win32
		{D26CD4B0-5865-44B2-8D98-64CF9741201F}.Release|x86.Build.0 = Release|Win32
		{9BF8800A-3623-471E-9FE8-3F80FB305238}.Debug|x64.ActiveCfg = Debug|x64
		{9BF8800A-3623-471E-9FE8-3F80FB305238}.Debug|x64.Build.0 = Debug|x64
		{9BF8800A-3623-471E-9FE8-3F80FB305238}.Debug|x86.ActiveCfg = Debug|Win32
		{9BF8800A-3623-471E-9FE8-3F80FB305238}.Debug|x86.Build.0 = Debug|Win32
		{9BF8800A-3623-471E-9FE8-3F80FB305238}.Release|x64.ActiveCfg = Release|x64
		{9BF8800A-3623-471E-9FE8-3F80FB305238}.Release|x64.Build.0 = Release|x64
		{9BF8800A-3623-471E-9FE8-3F80FB305238}.Release|x86.ActiveCfg = Release|Win32
		{9BF8800A-3623-471E-9FE8-3F80FB305238}.Release|x86.Build.0 = Release|Win32
		{6AC18F6C-9D90-47AA-A8E1-529E3C39B362}.Debug|x64.ActiveCfg = Debug|x64
		{6AC18F6C-9D90-47AA-A8E1-529E3C39B362}.Debug|x64.Build.0 = Debug|x64
		{6AC18F6C-9D90-47AA-A8E1-529E3C39B362}.Debug|x86.ActiveCfg = Debug|Win32
		{6AC18F6C-9D90-47AA-A8E1-529E3C39B362}.Debug|x86.Build.0 = Debug|Win32
		{6AC18F6C-9D90-47AA-A8E1-529E3C39B362}.Release|x64.ActiveCfg = Release|x64
		{6AC18F6C-9D90-47AA-A8E1-529E3C39B362}.Release|x64.Build.0 = Release|x64
		{6AC18F6C-9D90-47AA-A8E1-529E3C39B362}.Release|x86.ActiveCfg = Release|Win32
		{6AC18F6C-9D90-47AA-A8E1-529E3C39B362}.Release|x86.Build.0 = Release|Win32
		{636E8ACE-BB04-47C6-B28F-6A5B4F4FFB89}.Debug|x64.ActiveCfg = Debug|x64
		{636E8ACE-BB04-47C6-B28F-6A5B4F4FFB89}.Debug|x64.Build.0 = Debug|x64
		{636E8ACE-BB04-47C6-B28F-6A5B4F4FFB89}.Debug|x86.ActiveCfg = Debug|Win32
		{636E8ACE-BB04-47C6-B28F-6A5B4F4FFB89}.Debug|x86.Build.0 = Debug|Win32
		{636E8ACE-BB04-47C6-B28F-6A5B4F4FFB89}.Release|x64.ActiveCfg = Release|x64
		{636E8ACE-BB04-47C6-B28F-6A5B4F4FFB89}.Release|x64.Build.0 = Release|x64
		{636E8ACE-BB04-47C6-B28F-6A5B4F4FFB89}.Release|x86.ActiveCfg = Release|Win32
		{636E8ACE-BB04-47C6-B28F-6A5B4F4FFB89}.Release|x86.Build.0 = Release|Win32
		{C3272E56-5EB0-483F-8E00-AA210F7AAE56}.Debug|x64.ActiveCfg = Debug|x64
		{C3272E56-5EB0-483F-8E00-AA210F7AAE56}.Debug|x64.Build.0 = Debug|x64
		{C3272E56-5EB0-483F-8E00-AA210F7AAE56}.Debug|x86.ActiveCfg = Debug|Win32
		{C3272E56-5EB0-483F-8E00-AA210F7AAE56}.Debug|x86.Build.0 = Debug|Win32
		{C3272E56-5EB0-483F-8E00-AA210F7AAE56}.Release|x64.ActiveCfg = Release|x64
		{C3272E56-5EB0-483F-8E00-AA210F7AAE56}.Release|x64.Build.0 = Release|x64
		{C3272E56-5EB0-483F-8E00-AA210F7AAE56}.Release|x86.ActiveCfg = Release|Win32
		{C3272E56-5EB0-483F-8E00-AA210F7AAE56}.Release|x86.Build.0 = Release|Win32
		{FA06A3ED-162B-46DB-8BAF-0664FFB6E665}.Debug|x64.ActiveCfg = Debug|x64
		{FA06A3ED-162B-46DB-8BAF-0664FFB6E665}.Debug|x64.Build.0 = Debug|x64
		{FA06A3ED-162B-46DB-8BAF-0664FFB6E665}.Debug|x86.ActiveCfg = Debug|Win32
		{FA06A3ED-162B-46DB-8BAF-0664FFB6E665}.Debug|x86.Build.0 = Debug|Win32
		{FA06A3ED-162B-46DB-8BAF-0664FFB6E665}.Release|x64.ActiveCfg = Release|x64
		{FA06A3ED-162B-46DB-8BAF-0664FFB6E665}.Release|x64.Build.0 = Release|x64
		{FA06A3ED-162B-46DB-8BAF-0664FFB6E665}.Release|x86.ActiveCfg = Release|Win32
		{FA06A3ED-162B-46DB-8BAF-0664FFB6E665}.Release|x86.Build.0 = Release|Win32
		{6D2B572A-DDDD-49C1-9DEE-1318F220055F}.Debug|x64.ActiveCfg = Debug|x64
		{6D2B572A-DDDD-49C1-9DEE-1318F220055F}.Debug|x64.Build.0 = Debug|x64
		{6D2B572A-DDDD-49C1-9DEE-1318F220055F}.Debug|x86.ActiveCfg = Debug|Win32
		{6D2B572A-DDDD-49C1-9DEE-1318F220055F}.Debug|x86.Build.0 = Debug|Win32
		{6D2B572A-DDDD-49C1-9DEE-1318F220055F}.Release|x64.ActiveCfg = Release|x64
		{6D2B572A-DDDD-49C1-9DEE-1318F220055F}.Release|x64.Build.0 = Release|x64
		{6D2B572A-DDDD-49C1-9DEE-1318F220055F}.Release|x86.ActiveCfg = Release|Win32
		{6D2B572A-DDDD-49C1-9DEE-1318F220055F}.Release|x86.Build.0 = Release|Win32
		{FA7FB3F2-E2AC-4A13-9D07-7FEB4316D83E}.Debug|x64.ActiveCfg = Debug|x64
		{FA7FB3F2-E2AC-4A13-9D07-7FEB4316D83E}.Debug|x64.Build.0 = Debug|x64
		{FA7FB3F2-E2AC-4A13-9D07-7FEB4316D83E}.Debug|x86.ActiveCfg = Debug|Win32
		{FA7FB3F2-E2AC-4A13-9D07-7FEB4316D83E}.Debug|x86.Build.0 = Debug|Win32
		{FA7FB3F2-E2AC-4A13-9D07-7FEB4316D83E}.Release|x64.ActiveCfg = Release|x64
		{FA7FB3F2-E2AC-4A13-9D07-7FEB4316D83E}.Release|x64.Build.0 = Release|x64
		{FA7FB3F2-E2AC-4A13-9D07-7FEB4316D83E}.Release|x86.ActiveCfg = Release|Win32
		{FA7FB3F2-E2AC-4A13-9D07-7FEB4316D83E}.Release|x86.Build.0 = Release|Win32
		{961530C5-6C35-4BE0-9DAA-C5CE3036A90F}.Debug|x64.ActiveCfg = Debug|x64
		{961530C5-6C35-4BE0-9DAA-C5CE3036A90F}.Debug|x64.Build.0 = Debug|x64
		{961530C5-6C35-4BE0-9DAA-C5CE3036A90F}.Debug|x86.ActiveCfg = Debug|Win32
		{961530C5-6C35-4BE0-9DAA-C5CE3036A90F}.Debug|x86.Build.0 = Debug|Win32
		{961530C5-6C35-4BE0-9DAA-C5CE3036A90F}.Release|x64.ActiveCfg = Release|x64
		{961530C5-6C35-4BE0-9DAA-C5CE3036A90F}.Release|x64.Build.0 = Release|x64
		{961530C5-6C35-4BE0-9DAA-C5CE3036A90F}.Release|x86.ActiveCfg = Release|Win32
		{961530C5-6C35-4BE0-9DAA-C5CE3036A90F}.Release|x86.Build.0 = Release|Win32
		{06F1E6D2-7FB3-444D-B81A-E9FCDFDEE00F}.Debug|x64.ActiveCfg = Debug|x64
		{06F1E6D2-7FB3-444D-B81A-E9FCDFDEE00F}.Debug|x64.Build.0 = Debug|x64
		{06F1E6D2-7FB3-444D-B81A-E9FCDFDEE00F}.Debug|x86.ActiveCfg = Debug|Win32
		{06F1E6D2-7FB3-444D-B81A-E9FCDFDEE00F}.Debug|x86.Build.0 = Debug|Win32
		{06F1E6D2-7FB3-444D-B81A-E9FCDFDEE00F}.Release|x64.ActiveCfg = Release|x64
		{06F1E6D2-7FB3-444D-B81A-E9FCDFDEE00F}.Release|x64.Build.0 = Release|x64
		{06F1E6D2-7FB3-444D-B81A-E9FCDFDEE00F}.Release|x86.ActiveCfg = Release|Win32
		{06F1E6D2-7FB3-444D-B81A-E9FCDFDEE00F}.Release|x86.Build.0 = Release|Win32
		{132CE6EB-D2B1-4E2E-BB40-BDB1D83362E2}.Debug|x64.ActiveCfg = Debug|x64
		{132CE6EB-D2B1-4E2E-BB40-BDB1D83362E2}.Debug|x64.Build.0 = Debug|x64
		{132CE6EB-D2B1-4E2E-BB40-BDB1D83362E2}.Debug|x86.ActiveCfg = Debug|Win32
		{132CE6EB-D2B1-4E2E-BB40-BDB1D83362E2}.Debug|x86.Build.0 = Debug|Win32
		{132CE6EB-D2B1-4E2E-BB40-BDB1D83362E2}.Release|x64.ActiveCfg = Release|x64
		{132CE6EB-D2B1-4E2E-BB40-BDB1D83362E2}.Release|x64.Build.0 = Release|x64
		{132CE6EB-D2B1-4E2E-BB40-BDB1D83362E2}.Release|x86.ActiveCfg = Release|Win32
		{132CE6EB-D2B1-4E2E-BB40-BDB1D83362E2}.Release|x86.Build.0 = Release|Win32
		{F499CE41-70F9-4AA4-8D1E-BDB3B729D7FC}.Debug|x64.ActiveCfg = Debug|x64
		{F499CE41-70F9-4AA4-8D1E-BDB3B729D7FC}.Debug|x64.Build.0 = Debug|x64
		{F499CE41-70F9-4AA4-8D1E-BDB3B729D7FC}.Debug|x86.ActiveCfg = Debug|Win32
		{F499CE41-70F9-4AA4-8D1E-BDB3B729D7FC}.Debug|x86.Build.0 = Debug|Win32
		{F499CE41-70F9-4AA4-8D1E-BDB3B729D7FC}.Release|x64.ActiveCfg = Release|x64
		{F499CE41-70F9-4AA4-8D1E-BDB3B729D7FC}.Release|x64.Build.0 = Release|x64
		{F499CE41-70F9-4AA4-8D1E-BDB3B729D7FC}.Release|x86.ActiveCfg = Release|Win32
		{F499CE41-70F9-4AA4-8D1E-BDB3B729D7FC}.Release|x86.Build.0 = Release|Win32
		{E24C6342-9D44-4879-9C77-150108BA34E2}.Debug|x64.ActiveCfg = Debug|x64
		{E24C6342-9D44-4879-9C77-150108BA34E2}.Debug|x64.Build.0 = Debug|x64
		{E24C6342-9D44-4879-9C77-150108BA34E2}.Debug|x86.ActiveCfg = Debug|Win32
		{E24C6342-9D44-4879-9C77-150108BA34E2}.Debug|x86.Build.0 = Debug|Win32
		{E24C6342-9D44-4879-9C77-150108BA34E2}.Release|x64.ActiveCfg = Release|x64
		{E24C6342-9D44-4879-9C77-150108BA34E2}.Release|x64.Build.0 = Release|x64
		{E24C6342-9D44-4879-9C77-150108BA34E2}.Release|x86.ActiveCfg = Release|Win32
		{E24C6342-9D44-4879-9C77-150108BA34E2}.Release|x86.Build.0 = Release|Win32
		{20682F0F-07F2-4D0C-BD4E-1463A7C116FC}.Debug|x64.ActiveCfg = Debug|x64
		{20682F0F-07F2-4D0C-BD4E-1463A7C116FC}.Debug|x64.Build.0 = Debug|x64
		{20682F0F-07F2-4D0C-BD4E-1463A7C116FC}.Debug|x86.ActiveCfg = Debug|Win32
		{20682F0F-07F2-4D0C-BD4E-1463A7C116FC}.Debug|x86.Build.0 = Debug|Win32
		{20682F0F-07F2-4D0C-BD4E-1463A7C116FC}.Release|x64.ActiveCfg = Release|x64
		{20682F0F-07F2-4D0C-BD4E-1463A7C116FC}.Release|x64.Build.0 = Release|x64
		{20682F0F-07F2-4D0C-BD4E-1463A7C116FC}.Release|x86.ActiveCfg = Release|Win32
		{20682F0F-07F2-4D0C-BD4E-1463A7C116FC}.Release|x86.Build.0 = Release|Win32
		{805EC7B2-64F3-41AB-AD33-F4A6947D8075}.Debug|x64.ActiveCfg = Debug|x64
		{805EC7B2-64F3-41AB-AD33-F4A6947D8075}.Debug|x64.Build.0 = Debug|x64
		{805EC7B2-64F3-41AB-AD33-F4A6947D8075}.Debug|x86.ActiveCfg = Debug|Win32
		{805EC7B2-64F3-41AB-AD33-F4A6947D8075}.Debug|x86.Build.0 = Debug|Win32
		{805EC7B2-64F3-41AB-AD33-F4A6947D8075}.Release|x64.ActiveCfg = Release|x64
		{805EC7B2-64F3-41AB-AD33-F4A6947D8075}.Release|x64.Build.0 = Release|x64
		{805EC7B2-64F3-41AB-AD33-F4A6947D8075}.Release|x86.ActiveCfg = Release|Win32
		{805EC7B2-64F3-41AB-AD33-F4A6947D8075}.Release|x86.Build.0 = Release|Win32
		{271BE258-133F-42AA-92C7-09026501B8D0}.Debug|x64.ActiveCfg = Debug|x64
		{271BE258-133F-42AA-92C7-09026501B8D0}.Debug|x64.Build.0 = Debug|x64
		{271BE258-133F-42AA-92C7-09026501B8D0}.Debug|x86.ActiveCfg = Debug|Win32
		{271BE258-133F-42AA-92C7-09026501B8D0}.Debug|x86.Build.0 = Debug|Win32
		{271BE258-133F-42AA-92C7-09026501B8D0}.Release|x64.ActiveCfg = Release|x64
		{271BE258-133F-42AA-92C7-09026501B8D0}.Release|x64.Build.0 = Release|x64
		{271BE258-133F-42AA-92C7-09026501B8D0}.Release|x86.ActiveCfg = Release|Win32
		{271BE258-133F-42AA-92C7-09026501B8D0}.Release|x86.Build.0 = Release|Win32
		{648FE9FF-FBF1-432F-9CC8-6A1FDBC04103}.Debug|x64.ActiveCfg = Debug|x64
		{648FE9FF-FBF1-432F-9CC8-6A1FDBC04103}.Debug|x64.Build.0 = Debug|x64
		{648FE9FF-FBF1-432F-9CC8-6A1FDBC04103}.Debug|x86.ActiveCfg = Debug|Win32
		{648FE9FF-FBF1-432F-9CC8-6A1FDBC04103}.Debug|x86.Build.0 = Debug|Win32
		{648FE9FF-FBF1-432F-9CC8-6A1FDBC04103}.Release|x64.ActiveCfg = Release|x64
		{648FE9FF-FBF1-432F-9CC8-6A1FDBC04103}.Release|x64.Build.0 = Release|x64
		{648FE9FF-FBF1-432F-9CC8-6A1FDBC04103}.Release|x86.ActiveCfg = Release|Win32
		{648FE9FF-FBF1-432F-9CC8-6A1FDBC04103}.Release|x86.Build.0 = Release|Win32
		{0CC3636B-8A91-4ED5-9380-DBB552988213}.Debug|x64.ActiveCfg = Debug|x64
		{0CC3636B-8A91-4ED5-9380-DBB552988213}.Debug|x64.Build.0 = Debug|x64
		{0CC3636B-8A91-4ED5-9380-DBB552988213}.Debug|x86.ActiveCfg = Debug|Win32
		{0CC3636B-8A91-4ED5-9380-DBB552988213}.Debug|x86.Build.0 = Debug|Win32
		{0CC3636B-8A91-4ED5-9380-DBB552988213}.Release|x64.ActiveCfg = Release|x64
		{0CC3636B-8A91-4ED5-9380-DBB552988213}.Release|x64.Build.0 = Release|x64
		{0CC3636B-8A91-4ED5-9380-DBB552988213}.Release|x86.ActiveCfg = Release|Win32
		{0CC3636B-8A91-4ED5-9380-DBB552988213}.Release|x86.Build.0 = Release|Win32
		{45578F76-6EC0-4A72-A6D7-B11FDEE332B4}.Debug|x64.ActiveCfg = Debug|x64
		{45578F76-6EC0-4A72-A6D7-B11FDEE332B4}.Debug|x64.Build.0 = Debug|x64
		{45578F76-6EC0-4A72-A6D7-B11FDEE332B4}.Debug|x86.ActiveCfg = Debug|Win32
		{45578F76-6EC0-4A72-A6D7-B11FDEE332B4}.Debug|x86.Build.0 = Debug|Win32
		{45578F76-6EC0-4A72-A6D7-B11FDEE332B4}.Release|x64.ActiveCfg = Release|x64
		{45578F76-6EC0-4A72-A6D7-B11FDEE332B4}.Release|x64.Build.0 = Release|x64
		{45578F76-6EC0-4A72-A6D7-B11FDEE332B4}.Release|x86.ActiveCfg = Release|Win32
		{45578F76-6EC0-4A72-A6D7-B11FDEE332B4}.Release|x86.Build.0 = Release|Win32
		{4F2F6753-8CC5-4BEE-86C4-E682B561B89F}.Debug|x64.ActiveCfg = Debug|x64
		{4F2F6753-8CC5-4BEE-86C4-E682B561B89F}.Debug|x64.Build.0 = Debug|x64
		{4F2F6753-8CC5-4BEE-86C4-E682B561B89F}.Debug|x86.ActiveCfg = Debug|Win32
		{4F2F6753-8CC5-4BEE-86C4-E682B561B89F}.Debug|x86.Build.0 = Debug|Win32
		{4F2F6753-8CC5-4BEE-86C4-E682B561B89F}.Release|x64.ActiveCfg = Release|x64
		{4F2F6753-8CC5-4BEE-86C4-E682B561B89F}.Release|x64.Build.0 = Release|x64
		{4F2F6753-8CC5-4BEE-86C4-E682B561B89F}.Release|x86.ActiveCfg = Release|Win32
		{4F2F6753-8CC5-4BEE-86C4-E682B561B89F}.Release|x86.Build.0 = Release|Win32
	EndGlobalSection
	GlobalSection(SolutionProperties) = preSolution
		HideSolutionNode = FALSE
	EndGlobalSection
EndGlobal
